
Microsoft Visual Studio Solution File, Format Version 12.00
# Visual Studio Version 17
VisualStudioVersion = 17.10.35027.167
MinimumVisualStudioVersion = 10.0.40219.1
Project("{FAE04EC0-301F-11D3-BF4B-00C04F79EFBC}") = "ManyToMany", "ManyToMany\ManyToMany.csproj", "{684FD5DF-B643-4B6F-A163-B4D9F61059F1}"
EndProject
Global
	GlobalSection(SolutionConfigurationPlatforms) = preSolution
		Debug|Any CPU = Debug|Any CPU
		Release|Any CPU = Release|Any CPU
	EndGlobalSection
	GlobalSection(ProjectConfigurationPlatforms) = postSolution
		{684FD5DF-B643-4B6F-A163-B4D9F61059F1}.Debug|Any CPU.ActiveCfg = Debug|Any CPU
		{684FD5DF-B643-4B6F-A163-B4D9F61059F1}.Debug|Any CPU.Build.0 = Debug|Any CPU
		{684FD5DF-B643-4B6F-A163-B4D9F61059F1}.Release|Any CPU.ActiveCfg = Release|Any CPU
		{684FD5DF-B643-4B6F-A163-B4D9F61059F1}.Release|Any CPU.Build.0 = Release|Any CPU
	EndGlobalSection
	GlobalSection(SolutionProperties) = preSolution
		HideSolutionNode = FALSE
	EndGlobalSection
	GlobalSection(ExtensibilityGlobals) = postSolution
		SolutionGuid = {3E15EC4C-9879-4A3E-A2DF-4A4C3AB21C8B}
	EndGlobalSection
EndGlobal
